{
  "object": {
    "pins": [
      {
        "package": "SoftwareEtudes",
        "repositoryURL": "https://github.com/tuparev/SoftwareEtudes",
        "state": {
          "branch": "dev",
          "revision": "fcbb8f2dc11019e7e4712980c6e388dc955cc509",
          "version": null
        }
      }
    ]
  },
  "version": 1
}
