{
  "object": {
    "pins": [
      {
        "package": "SoftwareEtudes",
        "repositoryURL": "https://github.com/tuparev/SoftwareEtudes",
        "state": {
          "branch": "dev",
          "revision": "3da4ca8fa54c48fb27c8d1ad2dae4ed91577c815",
          "version": null
        }
      }
    ]
  },
  "version": 1
}
